
Microsoft Visual Studio Solution File, Format Version 12.00
# Visual Studio Version 17
VisualStudioVersion = 17.5.002.0
MinimumVisualStudioVersion = 10.0.40219.1
Project("{9A19103F-16F7-4668-BE54-9A1E7A4F7556}") = "Singleton", "Singleton\Singleton.csproj", "{8A4BEDDA-824E-433D-B206-B5CFF1392F53}"
EndProject
Project("{FAE04EC0-301F-11D3-BF4B-00C04F79EFBC}") = "Strategy", "Strategy\Strategy.csproj", "{6B97D768-ADE4-43DB-B7A8-0D9AA88E8545}"
EndProject
Global
	GlobalSection(SolutionConfigurationPlatforms) = preSolution
		Debug|Any CPU = Debug|Any CPU
		Release|Any CPU = Release|Any CPU
	EndGlobalSection
	GlobalSection(ProjectConfigurationPlatforms) = postSolution
		{8A4BEDDA-824E-433D-B206-B5CFF1392F53}.Debug|Any CPU.ActiveCfg = Debug|Any CPU
		{8A4BEDDA-824E-433D-B206-B5CFF1392F53}.Debug|Any CPU.Build.0 = Debug|Any CPU
		{8A4BEDDA-824E-433D-B206-B5CFF1392F53}.Release|Any CPU.ActiveCfg = Release|Any CPU
		{8A4BEDDA-824E-433D-B206-B5CFF1392F53}.Release|Any CPU.Build.0 = Release|Any CPU
		{6B97D768-ADE4-43DB-B7A8-0D9AA88E8545}.Debug|Any CPU.ActiveCfg = Debug|Any CPU
		{6B97D768-ADE4-43DB-B7A8-0D9AA88E8545}.Debug|Any CPU.Build.0 = Debug|Any CPU
		{6B97D768-ADE4-43DB-B7A8-0D9AA88E8545}.Release|Any CPU.ActiveCfg = Release|Any CPU
		{6B97D768-ADE4-43DB-B7A8-0D9AA88E8545}.Release|Any CPU.Build.0 = Release|Any CPU
	EndGlobalSection
	GlobalSection(SolutionProperties) = preSolution
		HideSolutionNode = FALSE
	EndGlobalSection
	GlobalSection(ExtensibilityGlobals) = postSolution
		SolutionGuid = {3B81AD65-2A45-43FE-AAC3-1A3F7896E667}
	EndGlobalSection
EndGlobal
